github.com/jcnnll/dog v0.0.0-20250328125745-dc62f5930955 h1:/9l/4gyUjgOzguTiT5ZkOfSFuPAhQpfZC7Saq/EdRz0=
github.com/jcnnll/dog v0.0.0-20250328125745-dc62f5930955/go.mod h1:t6GqyH3kqttB6mPhIu8BkMFAnlAWKSFASXHuB455oV4=
github.com/jcnnll/dog v1.0.0 h1:BZ7hVQPduyYZaurbhkUd3HiRjBvfGBWcf9s6p4n7ihc=
github.com/jcnnll/dog v1.0.0/go.mod h1:t6GqyH3kqttB6mPhIu8BkMFAnlAWKSFASXHuB455oV4=
