github.com/jcnnll/dog v0.0.0-20250328115116-b3d8a534eafa h1:twd94FUP8ang+LAyEXbrVz3AGLfzZEBvZl0Jdkxwysw=
github.com/jcnnll/dog v0.0.0-20250328115116-b3d8a534eafa/go.mod h1:h28z2p1Usqidts2jMFXjGLS8tOLlX915Vn2DN90pNHU=
github.com/jcnnll/dog v0.0.0-20250328125745-dc62f5930955 h1:/9l/4gyUjgOzguTiT5ZkOfSFuPAhQpfZC7Saq/EdRz0=
github.com/jcnnll/dog v0.0.0-20250328125745-dc62f5930955/go.mod h1:t6GqyH3kqttB6mPhIu8BkMFAnlAWKSFASXHuB455oV4=
